
Microsoft Visual Studio Solution File, Format Version 12.00
# Visual Studio Version 16
VisualStudioVersion = 16.0.32106.194
MinimumVisualStudioVersion = 10.0.40219.1
Project("{FAE04EC0-301F-11D3-BF4B-00C04F79EFBC}") = "044. veletlenszamokszazharminckettotolszaznegyvenhetig", "044. veletlenszamokszazharminckettotolszaznegyvenhetig\044. veletlenszamokszazharminckettotolszaznegyvenhetig.csproj", "{EC0BF58A-0628-4705-B4A2-07F106D0A2C2}"
EndProject
Global
	GlobalSection(SolutionConfigurationPlatforms) = preSolution
		Debug|Any CPU = Debug|Any CPU
		Release|Any CPU = Release|Any CPU
	EndGlobalSection
	GlobalSection(ProjectConfigurationPlatforms) = postSolution
		{EC0BF58A-0628-4705-B4A2-07F106D0A2C2}.Debug|Any CPU.ActiveCfg = Debug|Any CPU
		{EC0BF58A-0628-4705-B4A2-07F106D0A2C2}.Debug|Any CPU.Build.0 = Debug|Any CPU
		{EC0BF58A-0628-4705-B4A2-07F106D0A2C2}.Release|Any CPU.ActiveCfg = Release|Any CPU
		{EC0BF58A-0628-4705-B4A2-07F106D0A2C2}.Release|Any CPU.Build.0 = Release|Any CPU
	EndGlobalSection
	GlobalSection(SolutionProperties) = preSolution
		HideSolutionNode = FALSE
	EndGlobalSection
	GlobalSection(ExtensibilityGlobals) = postSolution
		SolutionGuid = {E41F6ED5-6C36-4269-8294-1258DD427864}
	EndGlobalSection
EndGlobal
